
Microsoft Visual Studio Solution File, Format Version 12.00
# Visual Studio Version 17
VisualStudioVersion = 17.5.002.0
MinimumVisualStudioVersion = 10.0.40219.1
Project("{9A19103F-16F7-4668-BE54-9A1E7A4F7556}") = "RazorPagesMovie", "RazorPagesMovie.csproj", "{C0FB2BE7-DA9B-423D-8D60-1C352707CA36}"
EndProject
Global
	GlobalSection(SolutionConfigurationPlatforms) = preSolution
		Debug|Any CPU = Debug|Any CPU
		Release|Any CPU = Release|Any CPU
	EndGlobalSection
	GlobalSection(ProjectConfigurationPlatforms) = postSolution
		{C0FB2BE7-DA9B-423D-8D60-1C352707CA36}.Debug|Any CPU.ActiveCfg = Debug|Any CPU
		{C0FB2BE7-DA9B-423D-8D60-1C352707CA36}.Debug|Any CPU.Build.0 = Debug|Any CPU
		{C0FB2BE7-DA9B-423D-8D60-1C352707CA36}.Release|Any CPU.ActiveCfg = Release|Any CPU
		{C0FB2BE7-DA9B-423D-8D60-1C352707CA36}.Release|Any CPU.Build.0 = Release|Any CPU
	EndGlobalSection
	GlobalSection(SolutionProperties) = preSolution
		HideSolutionNode = FALSE
	EndGlobalSection
	GlobalSection(ExtensibilityGlobals) = postSolution
		SolutionGuid = {0DA46F40-7119-4A4E-8D3D-AA68F7A8FA24}
	EndGlobalSection
EndGlobal
